{
  "object": {
    "pins": [
      {
        "package": "Alexandria",
        "repositoryURL": "https://github.com/jlandon/Alexandria.git",
        "state": {
          "branch": null,
          "revision": "c672e637d886175d35fc054000783c06cb6c2c82",
          "version": "4.1.0"
        }
      },
      {
        "package": "Diakoneo",
        "repositoryURL": "https://github.com/jlandon/Diakoneo.git",
        "state": {
          "branch": "master",
          "revision": "805392e2f90f48ca26e37fde00dd0d7455910967",
          "version": null
        }
      },
      {
        "package": "Nuke",
        "repositoryURL": "https://github.com/kean/Nuke",
        "state": {
          "branch": null,
          "revision": "051fb936fbc0176655acb1085b15be477f3d5015",
          "version": "8.4.0"
        }
      }
    ]
  },
  "version": 1
}
